
Microsoft Visual Studio Solution File, Format Version 12.00
# Visual Studio Version 17
VisualStudioVersion = 17.3.32721.290
MinimumVisualStudioVersion = 10.0.40219.1
Project("{FAE04EC0-301F-11D3-BF4B-00C04F79EFBC}") = "TournamentDrafter", "TournamentDrafter\TournamentDrafter.csproj", "{9724DD8B-C0F8-4DE6-B948-B5CA2F4F4CCF}"
EndProject
Global
	GlobalSection(SolutionConfigurationPlatforms) = preSolution
		Debug|Any CPU = Debug|Any CPU
		Release|Any CPU = Release|Any CPU
	EndGlobalSection
	GlobalSection(ProjectConfigurationPlatforms) = postSolution
		{9724DD8B-C0F8-4DE6-B948-B5CA2F4F4CCF}.Debug|Any CPU.ActiveCfg = Debug|Any CPU
		{9724DD8B-C0F8-4DE6-B948-B5CA2F4F4CCF}.Debug|Any CPU.Build.0 = Debug|Any CPU
		{9724DD8B-C0F8-4DE6-B948-B5CA2F4F4CCF}.Release|Any CPU.ActiveCfg = Release|Any CPU
		{9724DD8B-C0F8-4DE6-B948-B5CA2F4F4CCF}.Release|Any CPU.Build.0 = Release|Any CPU
	EndGlobalSection
	GlobalSection(SolutionProperties) = preSolution
		HideSolutionNode = FALSE
	EndGlobalSection
	GlobalSection(ExtensibilityGlobals) = postSolution
		SolutionGuid = {2565E1F9-AAAB-4D8F-BCE3-12164EE73C02}
	EndGlobalSection
EndGlobal
